
Microsoft Visual Studio Solution File, Format Version 12.00
# Visual Studio Version 17
VisualStudioVersion = 17.9.34902.65
MinimumVisualStudioVersion = 10.0.40219.1
Project("{9A19103F-16F7-4668-BE54-9A1E7A4F7556}") = "Elevator", "Elevator\Elevator.csproj", "{9219D024-D413-4E49-8C32-B9A53280C324}"
EndProject
Project("{9A19103F-16F7-4668-BE54-9A1E7A4F7556}") = "Elevator.Tests", "Elevator.Tests\Elevator.Tests.csproj", "{2441565C-6EA4-4D41-8217-25FE32B98DB4}"
EndProject
Project("{2150E333-8FDC-42A3-9474-1A3956D46DE8}") = "Solution Items", "Solution Items", "{0D47D6B7-C3CA-436D-9612-6ACBEFCF6FF4}"
	ProjectSection(SolutionItems) = preProject
		.github\workflows\build_and_test.yml = .github\workflows\build_and_test.yml
		README.md = README.md
	EndProjectSection
EndProject
Global
	GlobalSection(SolutionConfigurationPlatforms) = preSolution
		Debug|Any CPU = Debug|Any CPU
		Release|Any CPU = Release|Any CPU
	EndGlobalSection
	GlobalSection(ProjectConfigurationPlatforms) = postSolution
		{9219D024-D413-4E49-8C32-B9A53280C324}.Debug|Any CPU.ActiveCfg = Debug|Any CPU
		{9219D024-D413-4E49-8C32-B9A53280C324}.Debug|Any CPU.Build.0 = Debug|Any CPU
		{9219D024-D413-4E49-8C32-B9A53280C324}.Release|Any CPU.ActiveCfg = Release|Any CPU
		{9219D024-D413-4E49-8C32-B9A53280C324}.Release|Any CPU.Build.0 = Release|Any CPU
		{2441565C-6EA4-4D41-8217-25FE32B98DB4}.Debug|Any CPU.ActiveCfg = Debug|Any CPU
		{2441565C-6EA4-4D41-8217-25FE32B98DB4}.Debug|Any CPU.Build.0 = Debug|Any CPU
		{2441565C-6EA4-4D41-8217-25FE32B98DB4}.Release|Any CPU.ActiveCfg = Release|Any CPU
		{2441565C-6EA4-4D41-8217-25FE32B98DB4}.Release|Any CPU.Build.0 = Release|Any CPU
	EndGlobalSection
	GlobalSection(SolutionProperties) = preSolution
		HideSolutionNode = FALSE
	EndGlobalSection
	GlobalSection(ExtensibilityGlobals) = postSolution
		SolutionGuid = {FBBD741A-37A8-471B-AC20-45E78D04CD3B}
	EndGlobalSection
EndGlobal
